{
    "_meta": {
        "hash": {
            "sha256": "103c626c92fd0738bd58bb7345f9e4e9b6c29685e4c6128bfd8d0b53b368d5fb"
        },
        "pipfile-spec": 6,
        "requires": {
            "python_version": "3.10"
        },
        "sources": [
            {
                "name": "pypi",
                "url": "https://pypi.org/simple",
                "verify_ssl": true
            }
        ]
    },
    "default": {
        "asgiref": {
            "hashes": [
                "sha256:7e51911ee147dd685c3c8b805c0ad0cb58d360987b56953878f8c06d2d1c6f1a",
                "sha256:9fc6fb5d39b8af147ba40765234fa822b39818b12cc80b35ad9b0cef3a476aed"
            ],
            "markers": "python_version >= '3.5'",
            "version": "==3.2.10"
        },
        "django": {
            "hashes": [
                "sha256:1a63f5bb6ff4d7c42f62a519edc2adbb37f9b78068a5a862beff858b68e3dc8b",
                "sha256:2d390268a13c655c97e0e2ede9d117007996db692c1bb93eabebd4fb7ea7012b"
            ],
            "index": "pypi",
            "version": "==3.1.0"
        },
        "pytz": {
            "hashes": [
                "sha256:3672058bc3453457b622aab7a1c3bfd5ab0bdae451512f6cf25f64ed37f5b87c",
                "sha256:acad2d8b20a1af07d4e4c9d2e9285c5ed9104354062f275f3fcd88dcef4f1326"
            ],
            "version": "==2021.3"
        },
        "sqlparse": {
            "hashes": [
                "sha256:0c00730c74263a94e5a9919ade150dfc3b19c574389985446148402998287dae",
                "sha256:48719e356bb8b42991bdbb1e8b83223757b93789c00910a616a071910ca4a64d"
            ],
            "markers": "python_version >= '3.5'",
            "version": "==0.4.2"
        }
    },
    "develop": {}
}
